# This file was autogenerated by Stack.
# You should not edit this file by hand.
# For more information, please see the documentation at:
#   https://docs.haskellstack.org/en/stable/lock_files

packages:
- completed:
    hackage: th-printf-0.7@sha256:c6b2c08e62a32a327b29b1a3739939f0c85b4079ff2ae6d79fac639f25ee48b1,2297
    pantry-tree:
      size: 1067
      sha256: ba9a8e2afaf6a16b65c7339fad5fbf49715a6613f5542d6adc42e90eca67b503
  original:
    hackage: th-printf-0.7@sha256:c6b2c08e62a32a327b29b1a3739939f0c85b4079ff2ae6d79fac639f25ee48b1,2297
snapshots:
- completed:
    size: 527836
    url: https://raw.githubusercontent.com/commercialhaskell/stackage-snapshots/master/lts/11/22.yaml
    sha256: 341870ac98d8a9f8f77c4adf2e9e0b22063e264a7fbeb4c85b7af5f380dac60e
  original: lts-11.22
